{
  "name": "sensorium.is-2017",
  "version": "1.0.0",
  "lockfileVersion": 1,
  "requires": true,
  "dependencies": {
    "js-button": {
      "version": "1.2.1",
      "resolved": "https://registry.npmjs.org/js-button/-/js-button-1.2.1.tgz",
      "integrity": "sha1-PD7LNTe2dBwz/xgqkNukrOzlUtY=",
      "dev": true,
      "requires": {
        "js-utilities": "*"
      }
    },
    "js-offcanvas": {
      "version": "1.2.9",
      "resolved": "https://registry.npmjs.org/js-offcanvas/-/js-offcanvas-1.2.9.tgz",
      "integrity": "sha512-aOdLHgsQDe8ZbiW5GRrlL/y4C5nqAPe65sHssy1k9GT+MizvJaPsC6OWM/DnpKGn1SuwVF1WIYyuIKzscvk/qg==",
      "dev": true,
      "requires": {
        "js-button": "*",
        "js-trap-tab": "*",
        "js-utilities": "*"
      }
    },
    "js-trap-tab": {
      "version": "1.0.3",
      "resolved": "https://registry.npmjs.org/js-trap-tab/-/js-trap-tab-1.0.3.tgz",
      "integrity": "sha1-eVnCdVX+vlAfVt2o3ZiPoNhFgyA=",
      "dev": true
    },
    "js-utilities": {
      "version": "1.0.2",
      "resolved": "https://registry.npmjs.org/js-utilities/-/js-utilities-1.0.2.tgz",
      "integrity": "sha512-Da2U3zQnebIHJU+I5Y96e7N0be+TDIbmcP9Pm9eCXYtQ4cbnLoLqgwCiQ2iFZJA2Yf86pikVcw1z4lC8Qja43Q==",
      "dev": true
    }
  }
}
